
Microsoft Visual Studio Solution File, Format Version 12.00
# Visual Studio Version 17
VisualStudioVersion = 17.8.34330.188
MinimumVisualStudioVersion = 10.0.40219.1
Project("{FAE04EC0-301F-11D3-BF4B-00C04F79EFBC}") = "College-E-Commerce", "College-E-Commerce\College-E-Commerce.csproj", "{C1EB12E5-D042-4973-AEE3-046491929596}"
EndProject
Global
	GlobalSection(SolutionConfigurationPlatforms) = preSolution
		Debug|Any CPU = Debug|Any CPU
		Release|Any CPU = Release|Any CPU
	EndGlobalSection
	GlobalSection(ProjectConfigurationPlatforms) = postSolution
		{C1EB12E5-D042-4973-AEE3-046491929596}.Debug|Any CPU.ActiveCfg = Debug|Any CPU
		{C1EB12E5-D042-4973-AEE3-046491929596}.Debug|Any CPU.Build.0 = Debug|Any CPU
		{C1EB12E5-D042-4973-AEE3-046491929596}.Release|Any CPU.ActiveCfg = Release|Any CPU
		{C1EB12E5-D042-4973-AEE3-046491929596}.Release|Any CPU.Build.0 = Release|Any CPU
	EndGlobalSection
	GlobalSection(SolutionProperties) = preSolution
		HideSolutionNode = FALSE
	EndGlobalSection
	GlobalSection(ExtensibilityGlobals) = postSolution
		SolutionGuid = {85913A7C-1F7B-4DA0-A34E-93DC2E625FF2}
	EndGlobalSection
EndGlobal
